
Microsoft Visual Studio Solution File, Format Version 12.00
# Visual Studio Version 16
VisualStudioVersion = 16.0.30011.22
MinimumVisualStudioVersion = 10.0.40219.1
Project("{FAE04EC0-301F-11D3-BF4B-00C04F79EFBC}") = "MLN-BinaryClassification", "MLN-BinaryClassification\MLN-BinaryClassification.csproj", "{9CD1EC03-FF1F-47EF-8800-CE1FBC2FCE30}"
EndProject
Global
	GlobalSection(SolutionConfigurationPlatforms) = preSolution
		Debug|Any CPU = Debug|Any CPU
		Release|Any CPU = Release|Any CPU
	EndGlobalSection
	GlobalSection(ProjectConfigurationPlatforms) = postSolution
		{9CD1EC03-FF1F-47EF-8800-CE1FBC2FCE30}.Debug|Any CPU.ActiveCfg = Debug|Any CPU
		{9CD1EC03-FF1F-47EF-8800-CE1FBC2FCE30}.Debug|Any CPU.Build.0 = Debug|Any CPU
		{9CD1EC03-FF1F-47EF-8800-CE1FBC2FCE30}.Release|Any CPU.ActiveCfg = Release|Any CPU
		{9CD1EC03-FF1F-47EF-8800-CE1FBC2FCE30}.Release|Any CPU.Build.0 = Release|Any CPU
	EndGlobalSection
	GlobalSection(SolutionProperties) = preSolution
		HideSolutionNode = FALSE
	EndGlobalSection
	GlobalSection(ExtensibilityGlobals) = postSolution
		SolutionGuid = {94806D52-5EB2-48E5-B327-33A9A23AF328}
	EndGlobalSection
EndGlobal
