
Microsoft Visual Studio Solution File, Format Version 12.00
# Visual Studio Version 16
VisualStudioVersion = 16.0.29424.173
MinimumVisualStudioVersion = 10.0.40219.1
Project("{FAE04EC0-301F-11D3-BF4B-00C04F79EFBC}") = "MLN-SimpleRegression", "MLN-SimpleRegression\MLN-SimpleRegression.csproj", "{095A1EBD-A51B-4758-96E9-33B030E617CD}"
EndProject
Global
	GlobalSection(SolutionConfigurationPlatforms) = preSolution
		Debug|Any CPU = Debug|Any CPU
		Release|Any CPU = Release|Any CPU
	EndGlobalSection
	GlobalSection(ProjectConfigurationPlatforms) = postSolution
		{095A1EBD-A51B-4758-96E9-33B030E617CD}.Debug|Any CPU.ActiveCfg = Debug|Any CPU
		{095A1EBD-A51B-4758-96E9-33B030E617CD}.Debug|Any CPU.Build.0 = Debug|Any CPU
		{095A1EBD-A51B-4758-96E9-33B030E617CD}.Release|Any CPU.ActiveCfg = Release|Any CPU
		{095A1EBD-A51B-4758-96E9-33B030E617CD}.Release|Any CPU.Build.0 = Release|Any CPU
	EndGlobalSection
	GlobalSection(SolutionProperties) = preSolution
		HideSolutionNode = FALSE
	EndGlobalSection
	GlobalSection(ExtensibilityGlobals) = postSolution
		SolutionGuid = {F90ED5E7-7B56-40BE-8BF5-918750C098AC}
	EndGlobalSection
EndGlobal
