
Microsoft Visual Studio Solution File, Format Version 12.00
# Visual Studio 15
VisualStudioVersion = 15.0.28307.329
MinimumVisualStudioVersion = 10.0.40219.1
Project("{FAE04EC0-301F-11D3-BF4B-00C04F79EFBC}") = "MLN-SpamDetection", "MLN-SpamDetection\MLN-SpamDetection.csproj", "{B308DA60-AC39-4ABD-86F5-87397509D077}"
EndProject
Global
	GlobalSection(SolutionConfigurationPlatforms) = preSolution
		Debug|Any CPU = Debug|Any CPU
		Debug|x64 = Debug|x64
		Release|Any CPU = Release|Any CPU
		Release|x64 = Release|x64
	EndGlobalSection
	GlobalSection(ProjectConfigurationPlatforms) = postSolution
		{B308DA60-AC39-4ABD-86F5-87397509D077}.Debug|Any CPU.ActiveCfg = Debug|Any CPU
		{B308DA60-AC39-4ABD-86F5-87397509D077}.Debug|Any CPU.Build.0 = Debug|Any CPU
		{B308DA60-AC39-4ABD-86F5-87397509D077}.Debug|x64.ActiveCfg = Debug|x64
		{B308DA60-AC39-4ABD-86F5-87397509D077}.Debug|x64.Build.0 = Debug|x64
		{B308DA60-AC39-4ABD-86F5-87397509D077}.Release|Any CPU.ActiveCfg = Release|Any CPU
		{B308DA60-AC39-4ABD-86F5-87397509D077}.Release|Any CPU.Build.0 = Release|Any CPU
		{B308DA60-AC39-4ABD-86F5-87397509D077}.Release|x64.ActiveCfg = Release|x64
		{B308DA60-AC39-4ABD-86F5-87397509D077}.Release|x64.Build.0 = Release|x64
	EndGlobalSection
	GlobalSection(SolutionProperties) = preSolution
		HideSolutionNode = FALSE
	EndGlobalSection
	GlobalSection(ExtensibilityGlobals) = postSolution
		SolutionGuid = {CED79440-7D2D-4AA0-873B-4031FF0A66A5}
	EndGlobalSection
EndGlobal
