
Microsoft Visual Studio Solution File, Format Version 12.00
# Visual Studio Version 16
VisualStudioVersion = 16.0.29424.173
MinimumVisualStudioVersion = 10.0.40219.1
Project("{FAE04EC0-301F-11D3-BF4B-00C04F79EFBC}") = "MLN-AutoML", "MLN-AutoML\MLN-AutoML.csproj", "{1E44B263-A4EC-47DB-A0D9-8351512E10D3}"
EndProject
Global
	GlobalSection(SolutionConfigurationPlatforms) = preSolution
		Debug|Any CPU = Debug|Any CPU
		Release|Any CPU = Release|Any CPU
	EndGlobalSection
	GlobalSection(ProjectConfigurationPlatforms) = postSolution
		{1E44B263-A4EC-47DB-A0D9-8351512E10D3}.Debug|Any CPU.ActiveCfg = Debug|Any CPU
		{1E44B263-A4EC-47DB-A0D9-8351512E10D3}.Debug|Any CPU.Build.0 = Debug|Any CPU
		{1E44B263-A4EC-47DB-A0D9-8351512E10D3}.Release|Any CPU.ActiveCfg = Release|Any CPU
		{1E44B263-A4EC-47DB-A0D9-8351512E10D3}.Release|Any CPU.Build.0 = Release|Any CPU
	EndGlobalSection
	GlobalSection(SolutionProperties) = preSolution
		HideSolutionNode = FALSE
	EndGlobalSection
	GlobalSection(ExtensibilityGlobals) = postSolution
		SolutionGuid = {BF5B80FC-5886-435B-95A4-810C80DD49C7}
	EndGlobalSection
EndGlobal
