
Microsoft Visual Studio Solution File, Format Version 12.00
# Visual Studio Version 16
VisualStudioVersion = 16.0.29424.173
MinimumVisualStudioVersion = 10.0.40219.1
Project("{FAE04EC0-301F-11D3-BF4B-00C04F79EFBC}") = "MLN-DigitClassification", "MLN-DigitClassification\MLN-DigitClassification.csproj", "{DCD8B405-1078-41AB-90E2-C775FFC88487}"
EndProject
Global
	GlobalSection(SolutionConfigurationPlatforms) = preSolution
		Debug|Any CPU = Debug|Any CPU
		Release|Any CPU = Release|Any CPU
	EndGlobalSection
	GlobalSection(ProjectConfigurationPlatforms) = postSolution
		{DCD8B405-1078-41AB-90E2-C775FFC88487}.Debug|Any CPU.ActiveCfg = Debug|Any CPU
		{DCD8B405-1078-41AB-90E2-C775FFC88487}.Debug|Any CPU.Build.0 = Debug|Any CPU
		{DCD8B405-1078-41AB-90E2-C775FFC88487}.Release|Any CPU.ActiveCfg = Release|Any CPU
		{DCD8B405-1078-41AB-90E2-C775FFC88487}.Release|Any CPU.Build.0 = Release|Any CPU
	EndGlobalSection
	GlobalSection(SolutionProperties) = preSolution
		HideSolutionNode = FALSE
	EndGlobalSection
	GlobalSection(ExtensibilityGlobals) = postSolution
		SolutionGuid = {1E2888F8-5C70-41C2-97F4-8B24C4F45A71}
	EndGlobalSection
EndGlobal
